<?xml version="1.0" encoding="utf-8"?>
<Project ToolsVersion="4.0" xmlns="http://schemas.microsoft.com/developer/msbuild/2003">
  <ItemGroup>
    <ClCompile Include="QtGuiLap1214.cpp">
      <Filter>Source Files</Filter>
    </ClCompile>
    <ClCompile Include="Controller.cpp">
      <Filter>Source Files</Filter>
    </ClCompile>
    <ClCompile Include="CSVEvents.cpp">
      <Filter>Source Files</Filter>
    </ClCompile>
    <ClCompile Include="Events.cpp">
      <Filter>Source Files</Filter>
    </ClCompile>
    <ClCompile Include="EventsList.cpp">
      <Filter>Source Files</Filter>
    </ClCompile>
    <ClCompile Include="EventsValidator.cpp">
      <Filter>Source Files</Filter>
    </ClCompile>
    <ClCompile Include="FileEvents.cpp">
      <Filter>Source Files</Filter>
    </ClCompile>
    <ClCompile Include="HTMLEvents.cpp">
      <Filter>Source Files</Filter>
    </ClCompile>
    <ClCompile Include="Repository.cpp">
      <Filter>Source Files</Filter>
    </ClCompile>
    <ClCompile Include="RepositoryException.cpp">
      <Filter>Source Files</Filter>
    </ClCompile>
    <ClCompile Include="Utils.cpp">
      <Filter>Source Files</Filter>
    </ClCompile>
    <ClCompile Include="main.cpp">
      <Filter>Source Files</Filter>
    </ClCompile>
    <ClCompile Include="Menu.cpp">
      <Filter>Source Files</Filter>
    </ClCompile>
    <ClCompile Include="file.cpp">
      <Filter>Source Files</Filter>
    </ClCompile>
    <ClCompile Include="User.cpp">
      <Filter>Source Files</Filter>
    </ClCompile>
  </ItemGroup>
  <ItemGroup>
    <Filter Include="Resource Files">
      <UniqueIdentifier>{D9D6E242-F8AF-46E4-B9FD-80ECBC20BA3E}</UniqueIdentifier>
      <Extensions>qrc;*</Extensions>
      <ParseFiles>false</ParseFiles>
    </Filter>
    <Filter Include="Source Files">
      <UniqueIdentifier>{4FC737F1-C7A5-4376-A066-2A32D752A2FF}</UniqueIdentifier>
      <Extensions>cpp;c;cc;cxx;def;odl;idl;hpj;bat;asm;asmx</Extensions>
      <ParseFiles>true</ParseFiles>
    </Filter>
    <Filter Include="Header Files">
      <UniqueIdentifier>{93995380-89BD-4b04-88EB-625FBE52EBFB}</UniqueIdentifier>
      <Extensions>h;hh;hpp;hxx;hm;inl;inc;xsd</Extensions>
      <ParseFiles>true</ParseFiles>
    </Filter>
    <Filter Include="Form Files">
      <UniqueIdentifier>{99349809-55BA-4b9d-BF79-8FDBB0286EB3}</UniqueIdentifier>
      <Extensions>ui</Extensions>
      <ParseFiles>true</ParseFiles>
    </Filter>
  </ItemGroup>
  <ItemGroup>
    <QtMoc Include="QtGuiLap1214.h">
      <Filter>Header Files</Filter>
    </QtMoc>
    <QtMoc Include="Menu.h">
      <Filter>Header Files</Filter>
    </QtMoc>
    <QtMoc Include="file.h">
      <Filter>Header Files</Filter>
    </QtMoc>
    <QtMoc Include="User.h">
      <Filter>Header Files</Filter>
    </QtMoc>
  </ItemGroup>
  <ItemGroup>
    <QtUic Include="QtGuiLap1214.ui">
      <Filter>Form Files</Filter>
    </QtUic>
    <QtUic Include="Menu.ui">
      <Filter>Form Files</Filter>
    </QtUic>
    <QtUic Include="file.ui">
      <Filter>Form Files</Filter>
    </QtUic>
    <QtUic Include="User.ui">
      <Filter>Form Files</Filter>
    </QtUic>
  </ItemGroup>
  <ItemGroup>
    <QtRcc Include="QtGuiLap1214.qrc">
      <Filter>Resource Files</Filter>
    </QtRcc>
  </ItemGroup>
  <ItemGroup>
    <ClInclude Include="Controller.h">
      <Filter>Header Files</Filter>
    </ClInclude>
    <ClInclude Include="CSVEvents.h">
      <Filter>Header Files</Filter>
    </ClInclude>
    <ClInclude Include="Events.h">
      <Filter>Header Files</Filter>
    </ClInclude>
    <ClInclude Include="EventsList.h">
      <Filter>Header Files</Filter>
    </ClInclude>
    <ClInclude Include="EventsValidator.h">
      <Filter>Header Files</Filter>
    </ClInclude>
    <ClInclude Include="FileEvents.h">
      <Filter>Header Files</Filter>
    </ClInclude>
    <ClInclude Include="HTMLEvents.h">
      <Filter>Header Files</Filter>
    </ClInclude>
    <ClInclude Include="Repository.h">
      <Filter>Header Files</Filter>
    </ClInclude>
    <ClInclude Include="RepositoryExceptions.h">
      <Filter>Header Files</Filter>
    </ClInclude>
    <ClInclude Include="Utils.h">
      <Filter>Header Files</Filter>
    </ClInclude>
    <ClInclude Include="GeneratedFiles\ui_QtGuiLap1214.h">
      <Filter>Form Files</Filter>
    </ClInclude>
    <ClInclude Include="GeneratedFiles\ui_Menu.h">
      <Filter>Form Files</Filter>
    </ClInclude>
    <ClInclude Include="GeneratedFiles\ui_file.h">
      <Filter>Form Files</Filter>
    </ClInclude>
    <ClInclude Include="GeneratedFiles\ui_User.h">
      <Filter>Form Files</Filter>
    </ClInclude>
  </ItemGroup>
  <ItemGroup>
    <None Include="CSVEvents.csv">
      <Filter>Source Files</Filter>
    </None>
    <None Include="HTMLEvent.html">
      <Filter>Source Files</Filter>
    </None>
  </ItemGroup>
  <ItemGroup>
    <Text Include="event.txt">
      <Filter>Source Files</Filter>
    </Text>
    <Text Include="file.txt">
      <Filter>Source Files</Filter>
    </Text>
  </ItemGroup>
</Project>